
Microsoft Visual Studio Solution File, Format Version 12.00
# Visual Studio Version 17
VisualStudioVersion = 17.0.32126.317
MinimumVisualStudioVersion = 10.0.40219.1
Project("{FAE04EC0-301F-11D3-BF4B-00C04F79EFBC}") = "CardFilePBX", "CardFilePBX.csproj", "{9B0F0A5A-0537-4298-A9B0-A8C9621F245A}"
EndProject
Global
	GlobalSection(SolutionConfigurationPlatforms) = preSolution
		Debug|Any CPU = Debug|Any CPU
		Release|Any CPU = Release|Any CPU
	EndGlobalSection
	GlobalSection(ProjectConfigurationPlatforms) = postSolution
		{9B0F0A5A-0537-4298-A9B0-A8C9621F245A}.Debug|Any CPU.ActiveCfg = Debug|Any CPU
		{9B0F0A5A-0537-4298-A9B0-A8C9621F245A}.Debug|Any CPU.Build.0 = Debug|Any CPU
		{9B0F0A5A-0537-4298-A9B0-A8C9621F245A}.Release|Any CPU.ActiveCfg = Release|Any CPU
		{9B0F0A5A-0537-4298-A9B0-A8C9621F245A}.Release|Any CPU.Build.0 = Release|Any CPU
	EndGlobalSection
	GlobalSection(SolutionProperties) = preSolution
		HideSolutionNode = FALSE
	EndGlobalSection
	GlobalSection(ExtensibilityGlobals) = postSolution
		SolutionGuid = {4B51E489-2220-44BC-8B3B-69FB7BF9AD13}
	EndGlobalSection
EndGlobal
